
Microsoft Visual Studio Solution File, Format Version 12.00
# Visual Studio 2013
VisualStudioVersion = 12.0.31101.0
MinimumVisualStudioVersion = 10.0.40219.1
Project("{FAE04EC0-301F-11D3-BF4B-00C04F79EFBC}") = "CirclePOS", "CirclePOS\CirclePOS.csproj", "{1598FD12-5CE4-4938-B920-38F59F23209C}"
EndProject
Global
	GlobalSection(SolutionConfigurationPlatforms) = preSolution
		Debug|Any CPU = Debug|Any CPU
		Release|Any CPU = Release|Any CPU
	EndGlobalSection
	GlobalSection(ProjectConfigurationPlatforms) = postSolution
		{1598FD12-5CE4-4938-B920-38F59F23209C}.Debug|Any CPU.ActiveCfg = Debug|Any CPU
		{1598FD12-5CE4-4938-B920-38F59F23209C}.Debug|Any CPU.Build.0 = Debug|Any CPU
		{1598FD12-5CE4-4938-B920-38F59F23209C}.Release|Any CPU.ActiveCfg = Release|Any CPU
		{1598FD12-5CE4-4938-B920-38F59F23209C}.Release|Any CPU.Build.0 = Release|Any CPU
	EndGlobalSection
	GlobalSection(SolutionProperties) = preSolution
		HideSolutionNode = FALSE
	EndGlobalSection
	GlobalSection(Performance) = preSolution
		HasPerformanceSessions = true
	EndGlobalSection
EndGlobal
